
Microsoft Visual Studio Solution File, Format Version 12.00
# Visual Studio Version 17
VisualStudioVersion = 17.8.34511.84
MinimumVisualStudioVersion = 10.0.40219.1
Project("{FAE04EC0-301F-11D3-BF4B-00C04F79EFBC}") = "GADERYPOLUKI", "GADERYPOLUKI\GADERYPOLUKI.csproj", "{B2694FCD-F23D-4E5E-A7AB-77D6ACEA1454}"
EndProject
Global
	GlobalSection(SolutionConfigurationPlatforms) = preSolution
		Debug|Any CPU = Debug|Any CPU
		Release|Any CPU = Release|Any CPU
	EndGlobalSection
	GlobalSection(ProjectConfigurationPlatforms) = postSolution
		{B2694FCD-F23D-4E5E-A7AB-77D6ACEA1454}.Debug|Any CPU.ActiveCfg = Debug|Any CPU
		{B2694FCD-F23D-4E5E-A7AB-77D6ACEA1454}.Debug|Any CPU.Build.0 = Debug|Any CPU
		{B2694FCD-F23D-4E5E-A7AB-77D6ACEA1454}.Release|Any CPU.ActiveCfg = Release|Any CPU
		{B2694FCD-F23D-4E5E-A7AB-77D6ACEA1454}.Release|Any CPU.Build.0 = Release|Any CPU
	EndGlobalSection
	GlobalSection(SolutionProperties) = preSolution
		HideSolutionNode = FALSE
	EndGlobalSection
	GlobalSection(ExtensibilityGlobals) = postSolution
		SolutionGuid = {DAAFC01E-0B8D-4A6B-BBEF-F26C27241E03}
	EndGlobalSection
EndGlobal
